
Microsoft Visual Studio Solution File, Format Version 12.00
# Visual Studio Version 17
VisualStudioVersion = 17.14.36221.1 d17.14
MinimumVisualStudioVersion = 10.0.40219.1
Project("{FAE04EC0-301F-11D3-BF4B-00C04F79EFBC}") = "Agri_mitra", "Agri_mitra.csproj", "{20B94D9A-0844-486C-AE46-8F07938ED3D8}"
EndProject
Global
	GlobalSection(SolutionConfigurationPlatforms) = preSolution
		Debug|Any CPU = Debug|Any CPU
		Release|Any CPU = Release|Any CPU
	EndGlobalSection
	GlobalSection(ProjectConfigurationPlatforms) = postSolution
		{20B94D9A-0844-486C-AE46-8F07938ED3D8}.Debug|Any CPU.ActiveCfg = Debug|Any CPU
		{20B94D9A-0844-486C-AE46-8F07938ED3D8}.Debug|Any CPU.Build.0 = Debug|Any CPU
		{20B94D9A-0844-486C-AE46-8F07938ED3D8}.Release|Any CPU.ActiveCfg = Release|Any CPU
		{20B94D9A-0844-486C-AE46-8F07938ED3D8}.Release|Any CPU.Build.0 = Release|Any CPU
	EndGlobalSection
	GlobalSection(SolutionProperties) = preSolution
		HideSolutionNode = FALSE
	EndGlobalSection
	GlobalSection(ExtensibilityGlobals) = postSolution
		SolutionGuid = {BD8841DE-688F-477D-B1C3-670BC9CF4A1F}
	EndGlobalSection
EndGlobal
